
Microsoft Visual Studio Solution File, Format Version 12.00
# Visual Studio Version 17
VisualStudioVersion = 17.0.32014.148
MinimumVisualStudioVersion = 10.0.40219.1
Project("{9A19103F-16F7-4668-BE54-9A1E7A4F7556}") = "Skopy", "Skopy\Skopy.csproj", "{E4F7A0BF-2062-48AC-8545-A46A0CB15200}"
EndProject
Project("{FAE04EC0-301F-11D3-BF4B-00C04F79EFBC}") = "SkopyTests", "SkopyTests\SkopyTests.csproj", "{534A7E37-0C01-4096-9FA9-3B8F2B625A60}"
EndProject
Project("{FAE04EC0-301F-11D3-BF4B-00C04F79EFBC}") = "SkopyAPI", "SkopyAPI\SkopyAPI.csproj", "{9D2A21B4-67CA-400A-BB5F-3FEDEE62DD75}"
EndProject
Project("{2150E333-8FDC-42A3-9474-1A3956D46DE8}") = "Solution Items", "Solution Items", "{AC8FC311-F2F8-439B-B351-D44C437D868C}"
	ProjectSection(SolutionItems) = preProject
		.gitignore = .gitignore
		README.md = README.md
	EndProjectSection
EndProject
Project("{FAE04EC0-301F-11D3-BF4B-00C04F79EFBC}") = "SkopyWeb", "SkopyWeb\SkopyWeb.csproj", "{0C7E9A4E-2871-476B-A529-71A21F7E8274}"
EndProject
Global
	GlobalSection(SolutionConfigurationPlatforms) = preSolution
		Debug|Any CPU = Debug|Any CPU
		Release|Any CPU = Release|Any CPU
	EndGlobalSection
	GlobalSection(ProjectConfigurationPlatforms) = postSolution
		{E4F7A0BF-2062-48AC-8545-A46A0CB15200}.Debug|Any CPU.ActiveCfg = Debug|Any CPU
		{E4F7A0BF-2062-48AC-8545-A46A0CB15200}.Debug|Any CPU.Build.0 = Debug|Any CPU
		{E4F7A0BF-2062-48AC-8545-A46A0CB15200}.Release|Any CPU.ActiveCfg = Release|Any CPU
		{E4F7A0BF-2062-48AC-8545-A46A0CB15200}.Release|Any CPU.Build.0 = Release|Any CPU
		{534A7E37-0C01-4096-9FA9-3B8F2B625A60}.Debug|Any CPU.ActiveCfg = Debug|Any CPU
		{534A7E37-0C01-4096-9FA9-3B8F2B625A60}.Debug|Any CPU.Build.0 = Debug|Any CPU
		{534A7E37-0C01-4096-9FA9-3B8F2B625A60}.Release|Any CPU.ActiveCfg = Release|Any CPU
		{534A7E37-0C01-4096-9FA9-3B8F2B625A60}.Release|Any CPU.Build.0 = Release|Any CPU
		{9D2A21B4-67CA-400A-BB5F-3FEDEE62DD75}.Debug|Any CPU.ActiveCfg = Debug|Any CPU
		{9D2A21B4-67CA-400A-BB5F-3FEDEE62DD75}.Debug|Any CPU.Build.0 = Debug|Any CPU
		{9D2A21B4-67CA-400A-BB5F-3FEDEE62DD75}.Release|Any CPU.ActiveCfg = Release|Any CPU
		{9D2A21B4-67CA-400A-BB5F-3FEDEE62DD75}.Release|Any CPU.Build.0 = Release|Any CPU
		{0C7E9A4E-2871-476B-A529-71A21F7E8274}.Debug|Any CPU.ActiveCfg = Debug|Any CPU
		{0C7E9A4E-2871-476B-A529-71A21F7E8274}.Debug|Any CPU.Build.0 = Debug|Any CPU
		{0C7E9A4E-2871-476B-A529-71A21F7E8274}.Release|Any CPU.ActiveCfg = Release|Any CPU
		{0C7E9A4E-2871-476B-A529-71A21F7E8274}.Release|Any CPU.Build.0 = Release|Any CPU
	EndGlobalSection
	GlobalSection(SolutionProperties) = preSolution
		HideSolutionNode = FALSE
	EndGlobalSection
	GlobalSection(ExtensibilityGlobals) = postSolution
		SolutionGuid = {BB73B133-21DE-4519-97A7-532F0A62DB5F}
	EndGlobalSection
EndGlobal
